
Microsoft Visual Studio Solution File, Format Version 12.00
# Visual Studio Version 16
VisualStudioVersion = 16.0.29215.179
MinimumVisualStudioVersion = 10.0.40219.1
Project("{FAE04EC0-301F-11D3-BF4B-00C04F79EFBC}") = "File-Handling-Example", "File-Handling-Example\File-Handling-Example.csproj", "{B87E2A7C-3FA8-473D-82CC-B300D0A75BF6}"
EndProject
Global
	GlobalSection(SolutionConfigurationPlatforms) = preSolution
		Debug|Any CPU = Debug|Any CPU
		Release|Any CPU = Release|Any CPU
	EndGlobalSection
	GlobalSection(ProjectConfigurationPlatforms) = postSolution
		{B87E2A7C-3FA8-473D-82CC-B300D0A75BF6}.Debug|Any CPU.ActiveCfg = Debug|Any CPU
		{B87E2A7C-3FA8-473D-82CC-B300D0A75BF6}.Debug|Any CPU.Build.0 = Debug|Any CPU
		{B87E2A7C-3FA8-473D-82CC-B300D0A75BF6}.Release|Any CPU.ActiveCfg = Release|Any CPU
		{B87E2A7C-3FA8-473D-82CC-B300D0A75BF6}.Release|Any CPU.Build.0 = Release|Any CPU
	EndGlobalSection
	GlobalSection(SolutionProperties) = preSolution
		HideSolutionNode = FALSE
	EndGlobalSection
	GlobalSection(ExtensibilityGlobals) = postSolution
		SolutionGuid = {42973E4C-0AB8-4EB0-9339-3AD5A438D8F2}
	EndGlobalSection
EndGlobal
