
Microsoft Visual Studio Solution File, Format Version 12.00
# Visual Studio Version 16
VisualStudioVersion = 16.0.29215.179
MinimumVisualStudioVersion = 10.0.40219.1
Project("{FAE04EC0-301F-11D3-BF4B-00C04F79EFBC}") = "ReadWriteExample", "ReadWriteExample\ReadWriteExample.csproj", "{0639366F-B3B9-4A33-9879-3BBC2E951B0F}"
EndProject
Global
	GlobalSection(SolutionConfigurationPlatforms) = preSolution
		Debug|Any CPU = Debug|Any CPU
		Release|Any CPU = Release|Any CPU
	EndGlobalSection
	GlobalSection(ProjectConfigurationPlatforms) = postSolution
		{0639366F-B3B9-4A33-9879-3BBC2E951B0F}.Debug|Any CPU.ActiveCfg = Debug|Any CPU
		{0639366F-B3B9-4A33-9879-3BBC2E951B0F}.Debug|Any CPU.Build.0 = Debug|Any CPU
		{0639366F-B3B9-4A33-9879-3BBC2E951B0F}.Release|Any CPU.ActiveCfg = Release|Any CPU
		{0639366F-B3B9-4A33-9879-3BBC2E951B0F}.Release|Any CPU.Build.0 = Release|Any CPU
	EndGlobalSection
	GlobalSection(SolutionProperties) = preSolution
		HideSolutionNode = FALSE
	EndGlobalSection
	GlobalSection(ExtensibilityGlobals) = postSolution
		SolutionGuid = {7F99AE55-14CF-4F83-ACAA-D52A54A996AB}
	EndGlobalSection
EndGlobal
