
Microsoft Visual Studio Solution File, Format Version 12.00
# Visual Studio Version 16
VisualStudioVersion = 16.0.29215.179
MinimumVisualStudioVersion = 10.0.40219.1
Project("{FAE04EC0-301F-11D3-BF4B-00C04F79EFBC}") = "hello-world", "hello-world\hello-world.csproj", "{19C2476D-A48B-48E7-930D-5E655F7247E6}"
EndProject
Global
	GlobalSection(SolutionConfigurationPlatforms) = preSolution
		Debug|Any CPU = Debug|Any CPU
		Release|Any CPU = Release|Any CPU
	EndGlobalSection
	GlobalSection(ProjectConfigurationPlatforms) = postSolution
		{19C2476D-A48B-48E7-930D-5E655F7247E6}.Debug|Any CPU.ActiveCfg = Debug|Any CPU
		{19C2476D-A48B-48E7-930D-5E655F7247E6}.Debug|Any CPU.Build.0 = Debug|Any CPU
		{19C2476D-A48B-48E7-930D-5E655F7247E6}.Release|Any CPU.ActiveCfg = Release|Any CPU
		{19C2476D-A48B-48E7-930D-5E655F7247E6}.Release|Any CPU.Build.0 = Release|Any CPU
	EndGlobalSection
	GlobalSection(SolutionProperties) = preSolution
		HideSolutionNode = FALSE
	EndGlobalSection
	GlobalSection(ExtensibilityGlobals) = postSolution
		SolutionGuid = {653A7D59-0B72-481B-BEF9-B979B0B41779}
	EndGlobalSection
EndGlobal
